
Microsoft Visual Studio Solution File, Format Version 12.00
# Visual Studio 15
VisualStudioVersion = 15.0.26124.0
MinimumVisualStudioVersion = 15.0.26124.0
Project("{2150E333-8FDC-42A3-9474-1A3956D46DE8}") = "src", "src", "{51B6A3E0-1F99-49AE-BC8B-BF605AEF815F}"
EndProject
Project("{2150E333-8FDC-42A3-9474-1A3956D46DE8}") = "Application", "Application", "{730D618C-5A24-4B07-AE9D-1BCD7A64AF93}"
EndProject
Project("{FAE04EC0-301F-11D3-BF4B-00C04F79EFBC}") = "ECommerce.Application", "src\Application\ECommerce.Application\ECommerce.Application.csproj", "{3F2A7E39-36BF-4ABA-AFF7-1F5C8106397F}"
EndProject
Project("{2150E333-8FDC-42A3-9474-1A3956D46DE8}") = "Domain", "Domain", "{B1EF269E-AA5B-4C51-81E1-7776781753C9}"
EndProject
Project("{FAE04EC0-301F-11D3-BF4B-00C04F79EFBC}") = "ECommerce.Domain", "src\Domain\ECommerce.Domain\ECommerce.Domain.csproj", "{B18FC48B-9371-41D9-89BF-5D08339E01D5}"
EndProject
Project("{2150E333-8FDC-42A3-9474-1A3956D46DE8}") = "Infrastructure", "Infrastructure", "{54FA3991-4B77-4FBB-8225-464F020A6873}"
EndProject
Project("{FAE04EC0-301F-11D3-BF4B-00C04F79EFBC}") = "ECommerce.Infrastructure.Data.EntityFramework", "src\Infrastructure\ECommerce.Infrastructure.Data.EntityFramework\ECommerce.Infrastructure.Data.EntityFramework.csproj", "{EA018E18-A87B-449B-89E5-34AABD23B085}"
EndProject
Project("{2150E333-8FDC-42A3-9474-1A3956D46DE8}") = "Migrations", "Migrations", "{684069FD-2AC7-4242-9808-8F226A9CFC94}"
EndProject
Project("{FAE04EC0-301F-11D3-BF4B-00C04F79EFBC}") = "ECommerce.Migrations", "src\Migrations\ECommerce.Migrations\ECommerce.Migrations.csproj", "{D0863D7A-7E0C-4E24-9B5C-B268FC55ADBC}"
EndProject
Project("{2150E333-8FDC-42A3-9474-1A3956D46DE8}") = "Presentation", "Presentation", "{47540E17-AAFF-4EE0-AF3F-BA6F1684AB5F}"
EndProject
Project("{FAE04EC0-301F-11D3-BF4B-00C04F79EFBC}") = "ECommerce.Web", "src\Presentation\ECommerce.Web\ECommerce.Web.csproj", "{C3D412A9-DEB4-47BA-A293-13DDB7339AAE}"
EndProject
Global
	GlobalSection(SolutionConfigurationPlatforms) = preSolution
		Debug|Any CPU = Debug|Any CPU
		Debug|x64 = Debug|x64
		Debug|x86 = Debug|x86
		Release|Any CPU = Release|Any CPU
		Release|x64 = Release|x64
		Release|x86 = Release|x86
	EndGlobalSection
	GlobalSection(SolutionProperties) = preSolution
		HideSolutionNode = FALSE
	EndGlobalSection
	GlobalSection(ProjectConfigurationPlatforms) = postSolution
		{3F2A7E39-36BF-4ABA-AFF7-1F5C8106397F}.Debug|Any CPU.ActiveCfg = Debug|Any CPU
		{3F2A7E39-36BF-4ABA-AFF7-1F5C8106397F}.Debug|Any CPU.Build.0 = Debug|Any CPU
		{3F2A7E39-36BF-4ABA-AFF7-1F5C8106397F}.Debug|x64.ActiveCfg = Debug|Any CPU
		{3F2A7E39-36BF-4ABA-AFF7-1F5C8106397F}.Debug|x64.Build.0 = Debug|Any CPU
		{3F2A7E39-36BF-4ABA-AFF7-1F5C8106397F}.Debug|x86.ActiveCfg = Debug|Any CPU
		{3F2A7E39-36BF-4ABA-AFF7-1F5C8106397F}.Debug|x86.Build.0 = Debug|Any CPU
		{3F2A7E39-36BF-4ABA-AFF7-1F5C8106397F}.Release|Any CPU.ActiveCfg = Release|Any CPU
		{3F2A7E39-36BF-4ABA-AFF7-1F5C8106397F}.Release|Any CPU.Build.0 = Release|Any CPU
		{3F2A7E39-36BF-4ABA-AFF7-1F5C8106397F}.Release|x64.ActiveCfg = Release|Any CPU
		{3F2A7E39-36BF-4ABA-AFF7-1F5C8106397F}.Release|x64.Build.0 = Release|Any CPU
		{3F2A7E39-36BF-4ABA-AFF7-1F5C8106397F}.Release|x86.ActiveCfg = Release|Any CPU
		{3F2A7E39-36BF-4ABA-AFF7-1F5C8106397F}.Release|x86.Build.0 = Release|Any CPU
		{B18FC48B-9371-41D9-89BF-5D08339E01D5}.Debug|Any CPU.ActiveCfg = Debug|Any CPU
		{B18FC48B-9371-41D9-89BF-5D08339E01D5}.Debug|Any CPU.Build.0 = Debug|Any CPU
		{B18FC48B-9371-41D9-89BF-5D08339E01D5}.Debug|x64.ActiveCfg = Debug|Any CPU
		{B18FC48B-9371-41D9-89BF-5D08339E01D5}.Debug|x64.Build.0 = Debug|Any CPU
		{B18FC48B-9371-41D9-89BF-5D08339E01D5}.Debug|x86.ActiveCfg = Debug|Any CPU
		{B18FC48B-9371-41D9-89BF-5D08339E01D5}.Debug|x86.Build.0 = Debug|Any CPU
		{B18FC48B-9371-41D9-89BF-5D08339E01D5}.Release|Any CPU.ActiveCfg = Release|Any CPU
		{B18FC48B-9371-41D9-89BF-5D08339E01D5}.Release|Any CPU.Build.0 = Release|Any CPU
		{B18FC48B-9371-41D9-89BF-5D08339E01D5}.Release|x64.ActiveCfg = Release|Any CPU
		{B18FC48B-9371-41D9-89BF-5D08339E01D5}.Release|x64.Build.0 = Release|Any CPU
		{B18FC48B-9371-41D9-89BF-5D08339E01D5}.Release|x86.ActiveCfg = Release|Any CPU
		{B18FC48B-9371-41D9-89BF-5D08339E01D5}.Release|x86.Build.0 = Release|Any CPU
		{EA018E18-A87B-449B-89E5-34AABD23B085}.Debug|Any CPU.ActiveCfg = Debug|Any CPU
		{EA018E18-A87B-449B-89E5-34AABD23B085}.Debug|Any CPU.Build.0 = Debug|Any CPU
		{EA018E18-A87B-449B-89E5-34AABD23B085}.Debug|x64.ActiveCfg = Debug|Any CPU
		{EA018E18-A87B-449B-89E5-34AABD23B085}.Debug|x64.Build.0 = Debug|Any CPU
		{EA018E18-A87B-449B-89E5-34AABD23B085}.Debug|x86.ActiveCfg = Debug|Any CPU
		{EA018E18-A87B-449B-89E5-34AABD23B085}.Debug|x86.Build.0 = Debug|Any CPU
		{EA018E18-A87B-449B-89E5-34AABD23B085}.Release|Any CPU.ActiveCfg = Release|Any CPU
		{EA018E18-A87B-449B-89E5-34AABD23B085}.Release|Any CPU.Build.0 = Release|Any CPU
		{EA018E18-A87B-449B-89E5-34AABD23B085}.Release|x64.ActiveCfg = Release|Any CPU
		{EA018E18-A87B-449B-89E5-34AABD23B085}.Release|x64.Build.0 = Release|Any CPU
		{EA018E18-A87B-449B-89E5-34AABD23B085}.Release|x86.ActiveCfg = Release|Any CPU
		{EA018E18-A87B-449B-89E5-34AABD23B085}.Release|x86.Build.0 = Release|Any CPU
		{D0863D7A-7E0C-4E24-9B5C-B268FC55ADBC}.Debug|Any CPU.ActiveCfg = Debug|Any CPU
		{D0863D7A-7E0C-4E24-9B5C-B268FC55ADBC}.Debug|Any CPU.Build.0 = Debug|Any CPU
		{D0863D7A-7E0C-4E24-9B5C-B268FC55ADBC}.Debug|x64.ActiveCfg = Debug|Any CPU
		{D0863D7A-7E0C-4E24-9B5C-B268FC55ADBC}.Debug|x64.Build.0 = Debug|Any CPU
		{D0863D7A-7E0C-4E24-9B5C-B268FC55ADBC}.Debug|x86.ActiveCfg = Debug|Any CPU
		{D0863D7A-7E0C-4E24-9B5C-B268FC55ADBC}.Debug|x86.Build.0 = Debug|Any CPU
		{D0863D7A-7E0C-4E24-9B5C-B268FC55ADBC}.Release|Any CPU.ActiveCfg = Release|Any CPU
		{D0863D7A-7E0C-4E24-9B5C-B268FC55ADBC}.Release|Any CPU.Build.0 = Release|Any CPU
		{D0863D7A-7E0C-4E24-9B5C-B268FC55ADBC}.Release|x64.ActiveCfg = Release|Any CPU
		{D0863D7A-7E0C-4E24-9B5C-B268FC55ADBC}.Release|x64.Build.0 = Release|Any CPU
		{D0863D7A-7E0C-4E24-9B5C-B268FC55ADBC}.Release|x86.ActiveCfg = Release|Any CPU
		{D0863D7A-7E0C-4E24-9B5C-B268FC55ADBC}.Release|x86.Build.0 = Release|Any CPU
		{C3D412A9-DEB4-47BA-A293-13DDB7339AAE}.Debug|Any CPU.ActiveCfg = Debug|Any CPU
		{C3D412A9-DEB4-47BA-A293-13DDB7339AAE}.Debug|Any CPU.Build.0 = Debug|Any CPU
		{C3D412A9-DEB4-47BA-A293-13DDB7339AAE}.Debug|x64.ActiveCfg = Debug|Any CPU
		{C3D412A9-DEB4-47BA-A293-13DDB7339AAE}.Debug|x64.Build.0 = Debug|Any CPU
		{C3D412A9-DEB4-47BA-A293-13DDB7339AAE}.Debug|x86.ActiveCfg = Debug|Any CPU
		{C3D412A9-DEB4-47BA-A293-13DDB7339AAE}.Debug|x86.Build.0 = Debug|Any CPU
		{C3D412A9-DEB4-47BA-A293-13DDB7339AAE}.Release|Any CPU.ActiveCfg = Release|Any CPU
		{C3D412A9-DEB4-47BA-A293-13DDB7339AAE}.Release|Any CPU.Build.0 = Release|Any CPU
		{C3D412A9-DEB4-47BA-A293-13DDB7339AAE}.Release|x64.ActiveCfg = Release|Any CPU
		{C3D412A9-DEB4-47BA-A293-13DDB7339AAE}.Release|x64.Build.0 = Release|Any CPU
		{C3D412A9-DEB4-47BA-A293-13DDB7339AAE}.Release|x86.ActiveCfg = Release|Any CPU
		{C3D412A9-DEB4-47BA-A293-13DDB7339AAE}.Release|x86.Build.0 = Release|Any CPU
	EndGlobalSection
	GlobalSection(NestedProjects) = preSolution
		{730D618C-5A24-4B07-AE9D-1BCD7A64AF93} = {51B6A3E0-1F99-49AE-BC8B-BF605AEF815F}
		{3F2A7E39-36BF-4ABA-AFF7-1F5C8106397F} = {730D618C-5A24-4B07-AE9D-1BCD7A64AF93}
		{B1EF269E-AA5B-4C51-81E1-7776781753C9} = {51B6A3E0-1F99-49AE-BC8B-BF605AEF815F}
		{B18FC48B-9371-41D9-89BF-5D08339E01D5} = {B1EF269E-AA5B-4C51-81E1-7776781753C9}
		{54FA3991-4B77-4FBB-8225-464F020A6873} = {51B6A3E0-1F99-49AE-BC8B-BF605AEF815F}
		{EA018E18-A87B-449B-89E5-34AABD23B085} = {54FA3991-4B77-4FBB-8225-464F020A6873}
		{684069FD-2AC7-4242-9808-8F226A9CFC94} = {51B6A3E0-1F99-49AE-BC8B-BF605AEF815F}
		{D0863D7A-7E0C-4E24-9B5C-B268FC55ADBC} = {684069FD-2AC7-4242-9808-8F226A9CFC94}
		{47540E17-AAFF-4EE0-AF3F-BA6F1684AB5F} = {51B6A3E0-1F99-49AE-BC8B-BF605AEF815F}
		{C3D412A9-DEB4-47BA-A293-13DDB7339AAE} = {47540E17-AAFF-4EE0-AF3F-BA6F1684AB5F}
	EndGlobalSection
EndGlobal
